
Microsoft Visual Studio Solution File, Format Version 12.00
# Visual Studio 15
VisualStudioVersion = 15.0.26430.16
MinimumVisualStudioVersion = 10.0.40219.1
Project("{FAE04EC0-301F-11D3-BF4B-00C04F79EFBC}") = "Scrapium", "Scrapium\Scrapium.csproj", "{E3549125-4069-4C7E-969E-748EE6A55448}"
EndProject
Project("{2150E333-8FDC-42A3-9474-1A3956D46DE8}") = "Solution Items", "Solution Items", "{1556682F-42AE-4409-9949-B28B6E46042C}"
	ProjectSection(SolutionItems) = preProject
		INFO.txt = INFO.txt
	EndProjectSection
EndProject
Global
	GlobalSection(SolutionConfigurationPlatforms) = preSolution
		Debug|Any CPU = Debug|Any CPU
		Release|Any CPU = Release|Any CPU
	EndGlobalSection
	GlobalSection(ProjectConfigurationPlatforms) = postSolution
		{E3549125-4069-4C7E-969E-748EE6A55448}.Debug|Any CPU.ActiveCfg = Debug|Any CPU
		{E3549125-4069-4C7E-969E-748EE6A55448}.Debug|Any CPU.Build.0 = Debug|Any CPU
		{E3549125-4069-4C7E-969E-748EE6A55448}.Release|Any CPU.ActiveCfg = Release|Any CPU
		{E3549125-4069-4C7E-969E-748EE6A55448}.Release|Any CPU.Build.0 = Release|Any CPU
	EndGlobalSection
	GlobalSection(SolutionProperties) = preSolution
		HideSolutionNode = FALSE
	EndGlobalSection
EndGlobal
